
Microsoft Visual Studio Solution File, Format Version 12.00
# Visual Studio 2012
Project("{FAE04EC0-301F-11D3-BF4B-00C04F79EFBC}") = "SimpleLogger", "SimpleLogger\SimpleLogger.csproj", "{CF8C9230-CC66-43DF-8070-01EB53978B5E}"
EndProject
Project("{FAE04EC0-301F-11D3-BF4B-00C04F79EFBC}") = "SimpleLogger.Sample", "SimpleLogger.Sample\SimpleLogger.Sample.csproj", "{B549C21C-831A-44A4-9FC4-E0379E2A562D}"
EndProject
Global
	GlobalSection(SolutionConfigurationPlatforms) = preSolution
		Debug|Any CPU = Debug|Any CPU
		Release|Any CPU = Release|Any CPU
	EndGlobalSection
	GlobalSection(ProjectConfigurationPlatforms) = postSolution
		{CF8C9230-CC66-43DF-8070-01EB53978B5E}.Debug|Any CPU.ActiveCfg = Debug|Any CPU
		{CF8C9230-CC66-43DF-8070-01EB53978B5E}.Debug|Any CPU.Build.0 = Debug|Any CPU
		{CF8C9230-CC66-43DF-8070-01EB53978B5E}.Release|Any CPU.ActiveCfg = Release|Any CPU
		{CF8C9230-CC66-43DF-8070-01EB53978B5E}.Release|Any CPU.Build.0 = Release|Any CPU
		{B549C21C-831A-44A4-9FC4-E0379E2A562D}.Debug|Any CPU.ActiveCfg = Debug|Any CPU
		{B549C21C-831A-44A4-9FC4-E0379E2A562D}.Debug|Any CPU.Build.0 = Debug|Any CPU
		{B549C21C-831A-44A4-9FC4-E0379E2A562D}.Release|Any CPU.ActiveCfg = Release|Any CPU
		{B549C21C-831A-44A4-9FC4-E0379E2A562D}.Release|Any CPU.Build.0 = Release|Any CPU
	EndGlobalSection
	GlobalSection(SolutionProperties) = preSolution
		HideSolutionNode = FALSE
	EndGlobalSection
EndGlobal
